
Microsoft Visual Studio Solution File, Format Version 12.00
# Visual Studio Version 17
VisualStudioVersion = 17.8.34322.80
MinimumVisualStudioVersion = 10.0.40219.1
Project("{FAE04EC0-301F-11D3-BF4B-00C04F79EFBC}") = "AppRefiner", "AppRefiner\AppRefiner.csproj", "{15A78171-A28A-47EA-95AE-22ADC372C203}"
EndProject
Project("{FAE04EC0-301F-11D3-BF4B-00C04F79EFBC}") = "PeopleCodeParser", "PeopleCodeParser\PeopleCodeParser.csproj", "{574D6963-1D56-44BA-B297-0B7149297EB0}"
EndProject
Project("{8BC9CEB8-8B4A-11D0-8D11-00A0C91BC942}") = "AppRefinerHook", "AppRefinerHook\AppRefinerHook.vcxproj", "{A04F1E21-48C8-4494-90CC-4546A6BF658E}"
EndProject
Project("{FAE04EC0-301F-11D3-BF4B-00C04F79EFBC}") = "PluginSample", "PluginSample\PluginSample.csproj", "{9D565095-4DBA-4B51-840D-60970FE2B719}"
EndProject
Project("{FAE04EC0-301F-11D3-BF4B-00C04F79EFBC}") = "PeopleCodeParser.SelfHosted", "PeopleCodeParser.SelfHosted\PeopleCodeParser.SelfHosted.csproj", "{0B025D20-7E5F-0604-4C2F-05185544DEBF}"
EndProject
Project("{FAE04EC0-301F-11D3-BF4B-00C04F79EFBC}") = "ParserComparison", "ParserComparison\ParserComparison.csproj", "{7E993DBB-EED8-6035-6581-B6A491ACD44E}"
EndProject
Global
	GlobalSection(SolutionConfigurationPlatforms) = preSolution
		Debug|Any CPU = Debug|Any CPU
		Debug|x64 = Debug|x64
		Debug|x86 = Debug|x86
		Release|Any CPU = Release|Any CPU
		Release|x64 = Release|x64
		Release|x86 = Release|x86
	EndGlobalSection
	GlobalSection(ProjectConfigurationPlatforms) = postSolution
		{15A78171-A28A-47EA-95AE-22ADC372C203}.Debug|Any CPU.ActiveCfg = Debug|Any CPU
		{15A78171-A28A-47EA-95AE-22ADC372C203}.Debug|Any CPU.Build.0 = Debug|Any CPU
		{15A78171-A28A-47EA-95AE-22ADC372C203}.Debug|x64.ActiveCfg = Debug|Any CPU
		{15A78171-A28A-47EA-95AE-22ADC372C203}.Debug|x64.Build.0 = Debug|Any CPU
		{15A78171-A28A-47EA-95AE-22ADC372C203}.Debug|x86.ActiveCfg = Debug|Any CPU
		{15A78171-A28A-47EA-95AE-22ADC372C203}.Debug|x86.Build.0 = Debug|Any CPU
		{15A78171-A28A-47EA-95AE-22ADC372C203}.Release|Any CPU.ActiveCfg = Release|Any CPU
		{15A78171-A28A-47EA-95AE-22ADC372C203}.Release|Any CPU.Build.0 = Release|Any CPU
		{15A78171-A28A-47EA-95AE-22ADC372C203}.Release|x64.ActiveCfg = Release|Any CPU
		{15A78171-A28A-47EA-95AE-22ADC372C203}.Release|x64.Build.0 = Release|Any CPU
		{15A78171-A28A-47EA-95AE-22ADC372C203}.Release|x86.ActiveCfg = Release|Any CPU
		{15A78171-A28A-47EA-95AE-22ADC372C203}.Release|x86.Build.0 = Release|Any CPU
		{574D6963-1D56-44BA-B297-0B7149297EB0}.Debug|Any CPU.ActiveCfg = Debug|Any CPU
		{574D6963-1D56-44BA-B297-0B7149297EB0}.Debug|Any CPU.Build.0 = Debug|Any CPU
		{574D6963-1D56-44BA-B297-0B7149297EB0}.Debug|x64.ActiveCfg = Debug|Any CPU
		{574D6963-1D56-44BA-B297-0B7149297EB0}.Debug|x64.Build.0 = Debug|Any CPU
		{574D6963-1D56-44BA-B297-0B7149297EB0}.Debug|x86.ActiveCfg = Debug|Any CPU
		{574D6963-1D56-44BA-B297-0B7149297EB0}.Debug|x86.Build.0 = Debug|Any CPU
		{574D6963-1D56-44BA-B297-0B7149297EB0}.Release|Any CPU.ActiveCfg = Release|Any CPU
		{574D6963-1D56-44BA-B297-0B7149297EB0}.Release|Any CPU.Build.0 = Release|Any CPU
		{574D6963-1D56-44BA-B297-0B7149297EB0}.Release|x64.ActiveCfg = Release|Any CPU
		{574D6963-1D56-44BA-B297-0B7149297EB0}.Release|x64.Build.0 = Release|Any CPU
		{574D6963-1D56-44BA-B297-0B7149297EB0}.Release|x86.ActiveCfg = Release|Any CPU
		{574D6963-1D56-44BA-B297-0B7149297EB0}.Release|x86.Build.0 = Release|Any CPU
		{A04F1E21-48C8-4494-90CC-4546A6BF658E}.Debug|Any CPU.ActiveCfg = Debug|x64
		{A04F1E21-48C8-4494-90CC-4546A6BF658E}.Debug|Any CPU.Build.0 = Debug|x64
		{A04F1E21-48C8-4494-90CC-4546A6BF658E}.Debug|x64.ActiveCfg = Debug|x64
		{A04F1E21-48C8-4494-90CC-4546A6BF658E}.Debug|x64.Build.0 = Debug|x64
		{A04F1E21-48C8-4494-90CC-4546A6BF658E}.Debug|x86.ActiveCfg = Debug|Win32
		{A04F1E21-48C8-4494-90CC-4546A6BF658E}.Debug|x86.Build.0 = Debug|Win32
		{A04F1E21-48C8-4494-90CC-4546A6BF658E}.Release|Any CPU.ActiveCfg = Release|x64
		{A04F1E21-48C8-4494-90CC-4546A6BF658E}.Release|Any CPU.Build.0 = Release|x64
		{A04F1E21-48C8-4494-90CC-4546A6BF658E}.Release|x64.ActiveCfg = Release|x64
		{A04F1E21-48C8-4494-90CC-4546A6BF658E}.Release|x64.Build.0 = Release|x64
		{A04F1E21-48C8-4494-90CC-4546A6BF658E}.Release|x86.ActiveCfg = Release|Win32
		{A04F1E21-48C8-4494-90CC-4546A6BF658E}.Release|x86.Build.0 = Release|Win32
		{9D565095-4DBA-4B51-840D-60970FE2B719}.Debug|Any CPU.ActiveCfg = Debug|Any CPU
		{9D565095-4DBA-4B51-840D-60970FE2B719}.Debug|Any CPU.Build.0 = Debug|Any CPU
		{9D565095-4DBA-4B51-840D-60970FE2B719}.Debug|x64.ActiveCfg = Debug|Any CPU
		{9D565095-4DBA-4B51-840D-60970FE2B719}.Debug|x64.Build.0 = Debug|Any CPU
		{9D565095-4DBA-4B51-840D-60970FE2B719}.Debug|x86.ActiveCfg = Debug|Any CPU
		{9D565095-4DBA-4B51-840D-60970FE2B719}.Debug|x86.Build.0 = Debug|Any CPU
		{9D565095-4DBA-4B51-840D-60970FE2B719}.Release|Any CPU.ActiveCfg = Release|Any CPU
		{9D565095-4DBA-4B51-840D-60970FE2B719}.Release|Any CPU.Build.0 = Release|Any CPU
		{9D565095-4DBA-4B51-840D-60970FE2B719}.Release|x64.ActiveCfg = Release|Any CPU
		{9D565095-4DBA-4B51-840D-60970FE2B719}.Release|x64.Build.0 = Release|Any CPU
		{9D565095-4DBA-4B51-840D-60970FE2B719}.Release|x86.ActiveCfg = Release|Any CPU
		{9D565095-4DBA-4B51-840D-60970FE2B719}.Release|x86.Build.0 = Release|Any CPU
		{0B025D20-7E5F-0604-4C2F-05185544DEBF}.Debug|Any CPU.ActiveCfg = Debug|Any CPU
		{0B025D20-7E5F-0604-4C2F-05185544DEBF}.Debug|Any CPU.Build.0 = Debug|Any CPU
		{0B025D20-7E5F-0604-4C2F-05185544DEBF}.Debug|x64.ActiveCfg = Debug|Any CPU
		{0B025D20-7E5F-0604-4C2F-05185544DEBF}.Debug|x64.Build.0 = Debug|Any CPU
		{0B025D20-7E5F-0604-4C2F-05185544DEBF}.Debug|x86.ActiveCfg = Debug|Any CPU
		{0B025D20-7E5F-0604-4C2F-05185544DEBF}.Debug|x86.Build.0 = Debug|Any CPU
		{0B025D20-7E5F-0604-4C2F-05185544DEBF}.Release|Any CPU.ActiveCfg = Release|Any CPU
		{0B025D20-7E5F-0604-4C2F-05185544DEBF}.Release|Any CPU.Build.0 = Release|Any CPU
		{0B025D20-7E5F-0604-4C2F-05185544DEBF}.Release|x64.ActiveCfg = Release|Any CPU
		{0B025D20-7E5F-0604-4C2F-05185544DEBF}.Release|x64.Build.0 = Release|Any CPU
		{0B025D20-7E5F-0604-4C2F-05185544DEBF}.Release|x86.ActiveCfg = Release|Any CPU
		{0B025D20-7E5F-0604-4C2F-05185544DEBF}.Release|x86.Build.0 = Release|Any CPU
		{7E993DBB-EED8-6035-6581-B6A491ACD44E}.Debug|Any CPU.ActiveCfg = Debug|Any CPU
		{7E993DBB-EED8-6035-6581-B6A491ACD44E}.Debug|Any CPU.Build.0 = Debug|Any CPU
		{7E993DBB-EED8-6035-6581-B6A491ACD44E}.Debug|x64.ActiveCfg = Debug|Any CPU
		{7E993DBB-EED8-6035-6581-B6A491ACD44E}.Debug|x64.Build.0 = Debug|Any CPU
		{7E993DBB-EED8-6035-6581-B6A491ACD44E}.Debug|x86.ActiveCfg = Debug|Any CPU
		{7E993DBB-EED8-6035-6581-B6A491ACD44E}.Debug|x86.Build.0 = Debug|Any CPU
		{7E993DBB-EED8-6035-6581-B6A491ACD44E}.Release|Any CPU.ActiveCfg = Release|Any CPU
		{7E993DBB-EED8-6035-6581-B6A491ACD44E}.Release|Any CPU.Build.0 = Release|Any CPU
		{7E993DBB-EED8-6035-6581-B6A491ACD44E}.Release|x64.ActiveCfg = Release|Any CPU
		{7E993DBB-EED8-6035-6581-B6A491ACD44E}.Release|x64.Build.0 = Release|Any CPU
		{7E993DBB-EED8-6035-6581-B6A491ACD44E}.Release|x86.ActiveCfg = Release|Any CPU
		{7E993DBB-EED8-6035-6581-B6A491ACD44E}.Release|x86.Build.0 = Release|Any CPU
	EndGlobalSection
	GlobalSection(SolutionProperties) = preSolution
		HideSolutionNode = FALSE
	EndGlobalSection
	GlobalSection(ExtensibilityGlobals) = postSolution
		SolutionGuid = {0C46E4A8-B529-49BE-9E6B-B96FC9ABD7AF}
	EndGlobalSection
EndGlobal
